
Microsoft Visual Studio Solution File, Format Version 12.00
# Visual Studio Version 17
VisualStudioVersion = 17.13.35913.81 d17.13
MinimumVisualStudioVersion = 10.0.40219.1
Project("{888888A0-9F3D-457C-B088-3A5042F75D52}") = "ArrowGame", "ArrowGame.pyproj", "{176ADC3F-9163-46B4-B235-D2BA57FE073C}"
EndProject
Global
	GlobalSection(SolutionConfigurationPlatforms) = preSolution
		Debug|Any CPU = Debug|Any CPU
		Release|Any CPU = Release|Any CPU
	EndGlobalSection
	GlobalSection(ProjectConfigurationPlatforms) = postSolution
		{176ADC3F-9163-46B4-B235-D2BA57FE073C}.Debug|Any CPU.ActiveCfg = Debug|Any CPU
		{176ADC3F-9163-46B4-B235-D2BA57FE073C}.Release|Any CPU.ActiveCfg = Release|Any CPU
	EndGlobalSection
	GlobalSection(SolutionProperties) = preSolution
		HideSolutionNode = FALSE
	EndGlobalSection
	GlobalSection(ExtensibilityGlobals) = postSolution
		SolutionGuid = {B2BE4EDE-5923-42C1-8030-F6E4CD8E39CD}
	EndGlobalSection
EndGlobal
